
Microsoft Visual Studio Solution File, Format Version 12.00
# Visual Studio Version 17
VisualStudioVersion = 17.9.34607.119
MinimumVisualStudioVersion = 10.0.40219.1
Project("{8BC9CEB8-8B4A-11D0-8D11-00A0C91BC942}") = "TVE", "TVE.vcxproj", "{8F8557AD-1659-459B-ADC2-95256C6526E8}"
EndProject
Global
	GlobalSection(SolutionConfigurationPlatforms) = preSolution
		Debug|x64 = Debug|x64
		Debug|x86 = Debug|x86
		Release|x64 = Release|x64
		Release|x86 = Release|x86
	EndGlobalSection
	GlobalSection(ProjectConfigurationPlatforms) = postSolution
		{8F8557AD-1659-459B-ADC2-95256C6526E8}.Debug|x64.ActiveCfg = Debug|x64
		{8F8557AD-1659-459B-ADC2-95256C6526E8}.Debug|x64.Build.0 = Debug|x64
		{8F8557AD-1659-459B-ADC2-95256C6526E8}.Debug|x86.ActiveCfg = Debug|Win32
		{8F8557AD-1659-459B-ADC2-95256C6526E8}.Debug|x86.Build.0 = Debug|Win32
		{8F8557AD-1659-459B-ADC2-95256C6526E8}.Release|x64.ActiveCfg = Release|x64
		{8F8557AD-1659-459B-ADC2-95256C6526E8}.Release|x64.Build.0 = Release|x64
		{8F8557AD-1659-459B-ADC2-95256C6526E8}.Release|x86.ActiveCfg = Release|Win32
		{8F8557AD-1659-459B-ADC2-95256C6526E8}.Release|x86.Build.0 = Release|Win32
	EndGlobalSection
	GlobalSection(SolutionProperties) = preSolution
		HideSolutionNode = FALSE
	EndGlobalSection
	GlobalSection(ExtensibilityGlobals) = postSolution
		SolutionGuid = {3F6FA9A2-FC20-44FD-A979-13124AC32E97}
	EndGlobalSection
EndGlobal
